
Microsoft Visual Studio Solution File, Format Version 12.00
# Visual Studio Version 17
VisualStudioVersion = 17.13.35919.96
MinimumVisualStudioVersion = 10.0.40219.1
Project("{FAE04EC0-301F-11D3-BF4B-00C04F79EFBC}") = "HotelMangSys", "HotelMangSys\HotelMangSys.csproj", "{52069FE6-C61B-4AE7-A21B-E3BA26DBA708}"
EndProject
Project("{FAE04EC0-301F-11D3-BF4B-00C04F79EFBC}") = "MSTestProj", "MSTestProj\MSTestProj.csproj", "{BBE7E59C-F810-4B02-B34F-B60DCFED548F}"
EndProject
Global
	GlobalSection(SolutionConfigurationPlatforms) = preSolution
		Debug|Any CPU = Debug|Any CPU
		Release|Any CPU = Release|Any CPU
	EndGlobalSection
	GlobalSection(ProjectConfigurationPlatforms) = postSolution
		{52069FE6-C61B-4AE7-A21B-E3BA26DBA708}.Debug|Any CPU.ActiveCfg = Debug|Any CPU
		{52069FE6-C61B-4AE7-A21B-E3BA26DBA708}.Debug|Any CPU.Build.0 = Debug|Any CPU
		{52069FE6-C61B-4AE7-A21B-E3BA26DBA708}.Release|Any CPU.ActiveCfg = Release|Any CPU
		{52069FE6-C61B-4AE7-A21B-E3BA26DBA708}.Release|Any CPU.Build.0 = Release|Any CPU
		{BBE7E59C-F810-4B02-B34F-B60DCFED548F}.Debug|Any CPU.ActiveCfg = Debug|Any CPU
		{BBE7E59C-F810-4B02-B34F-B60DCFED548F}.Debug|Any CPU.Build.0 = Debug|Any CPU
		{BBE7E59C-F810-4B02-B34F-B60DCFED548F}.Release|Any CPU.ActiveCfg = Release|Any CPU
		{BBE7E59C-F810-4B02-B34F-B60DCFED548F}.Release|Any CPU.Build.0 = Release|Any CPU
	EndGlobalSection
	GlobalSection(SolutionProperties) = preSolution
		HideSolutionNode = FALSE
	EndGlobalSection
	GlobalSection(ExtensibilityGlobals) = postSolution
		SolutionGuid = {97F00A17-174A-484E-92F1-722044D130AD}
	EndGlobalSection
EndGlobal
